{
  "version": 4,
  "terraform_version": "0.12.24",
  "serial": 54,
  "lineage": "038f849b-f122-b268-ce7e-12d1d55fe5c9",
  "outputs": {},
  "resources": [
    {
      "module": "module.jx",
      "mode": "data",
      "type": "google_client_config",
      "name": "default",
      "provider": "module.jx.provider.google",
      "instances": [
        {
          "schema_version": 0,
          "attributes": {
            "access_token": "ya29.a0Ae4lvC1PcydKlWwyo8yYxzXJ5G7nZ7idco3HVxnV-XnQn7XteWvirsSaYhG6Rk0-zztRHSR7pvkLnOVzEr65TdikWfdzCIE0grut2QBLkczWj-4KYDlZw4y6IFa77t4SHlvDN55yrkZTEnRfczELLSUX9wzgto2iWf0",
            "id": "2020-04-23 23:21:30.488053 +0000 UTC",
            "project": "focus-cargo-275223",
            "region": "",
            "zone": "us-central1-a"
          }
        }
      ]
    },
    {
      "module": "module.jx.module.cluster",
      "mode": "managed",
      "type": "google_container_cluster",
      "name": "jx_cluster",
      "provider": "module.jx.provider.google-beta",
      "instances": [
        {
          "schema_version": 1,
          "attributes": {
            "additional_zones": [],
            "addons_config": [
              {
                "cloudrun_config": [],
                "horizontal_pod_autoscaling": [],
                "http_load_balancing": [],
                "istio_config": [],
                "kubernetes_dashboard": [
                  {
                    "disabled": true
                  }
                ],
                "network_policy_config": [
                  {
                    "disabled": true
                  }
                ]
              }
            ],
            "authenticator_groups_config": [],
            "cluster_autoscaling": [
              {
                "enabled": false,
                "resource_limits": []
              }
            ],
            "cluster_ipv4_cidr": "10.60.0.0/14",
            "database_encryption": [
              {
                "key_name": "",
                "state": "DECRYPTED"
              }
            ],
            "default_max_pods_per_node": 110,
            "description": "jenkins-x cluster",
            "enable_binary_authorization": false,
            "enable_intranode_visibility": false,
            "enable_kubernetes_alpha": false,
            "enable_legacy_abac": true,
            "enable_tpu": false,
            "endpoint": "34.71.188.140",
            "id": "tf-jx-skilled-moccasin",
            "initial_node_count": 1,
            "instance_group_urls": [],
            "ip_allocation_policy": [
              {
                "cluster_ipv4_cidr_block": "",
                "cluster_secondary_range_name": "",
                "create_subnetwork": false,
                "node_ipv4_cidr_block": "10.128.0.0/20",
                "services_ipv4_cidr_block": "",
                "services_secondary_range_name": "",
                "subnetwork_name": "",
                "use_ip_aliases": false
              }
            ],
            "location": "us-central1-a",
            "logging_service": "logging.googleapis.com/kubernetes",
            "maintenance_policy": [
              {
                "daily_maintenance_window": [
                  {
                    "duration": "PT4H0M0S",
                    "start_time": "03:00"
                  }
                ]
              }
            ],
            "master_auth": [
              {
                "client_certificate": "",
                "client_certificate_config": [
                  {
                    "issue_client_certificate": false
                  }
                ],
                "client_key": "",
                "cluster_ca_certificate": "LS0tLS1CRUdJTiBDRVJUSUZJQ0FURS0tLS0tCk1JSURDekNDQWZPZ0F3SUJBZ0lRZHV3a0ExOWRFVjh3SzEzbjcyRVFUakFOQmdrcWhraUc5dzBCQVFzRkFEQXYKTVMwd0t3WURWUVFERXlSa05tTXdPREJoTXkweVpXSmhMVFJoT0dFdE9HUXlOeTFqT1Rrd1pqSXlNMlkwWXpFdwpIaGNOTWpBd05ESXpNakl5TVRVeFdoY05NalV3TkRJeU1qTXlNVFV4V2pBdk1TMHdLd1lEVlFRREV5UmtObU13Ck9EQmhNeTB5WldKaExUUmhPR0V0T0dReU55MWpPVGt3WmpJeU0yWTBZekV3Z2dFaU1BMEdDU3FHU0liM0RRRUIKQVFVQUE0SUJEd0F3Z2dFS0FvSUJBUURRQjNDL1ZGT01uTnEvT1EyTmhnT29lSE0xd3lGQXUyWmFMNVNjZmtIWgpqK2JWSWtZQXZMVGtncVVjLzBXc05FQzBBekJRQm1xTGJ3SXZCbXFBTGE5TDVUcmtFTmZrR05YVkMxbExnaVI3CjFRN1RvVmc0M21yVzRMZE9PcVE0Z3JhR1oyazBOT05ESWR3ZDZZRkcyVExQL00rTHNQdldnSjNGVVN1cDJ0bWIKSjJZQ2lybmNvSnpGWkU4UVFsdURyeEtSakhJWldFZnBTcHl1L3k1TXVOamFxQW5MVm0wUENhVU9JeVpmcEtoNwpMRWxUVnppc0todExYNTJUT3RDRC83N2lXOFdmUzdJZnZqellIRWtldHF4bjh2ZXAwd2FjMzkzSk8yMGcrYjA1Cm9JcDdxUk5uczdvR29PS25nNEN1UnIrcDk3WTlUVmhFbFByMU5mZFJrZ1VqQWdNQkFBR2pJekFoTUE0R0ExVWQKRHdFQi93UUVBd0lDQkRBUEJnTlZIUk1CQWY4RUJUQURBUUgvTUEwR0NTcUdTSWIzRFFFQkN3VUFBNElCQVFCQQp1VWR3aWpQczJJZUM3NDc2MEJsbitaUkI5bTV3U29JRWZ2MnAveXYwR3pUMHVvYzB3cjdobDQ0TW9QaTZkWDc4ClZPYWJ5ZEFkZUpXcGFwRWlQemJvMjcvRncyZ2I4NEFYSUJ0Ujh0U284Q3FtWjFJQno5aG54Ui9KbG5YcndPYVAKZkF0d1RQdXRVNjYva2R5eldHZERTdDI3UUZWZ2tRaUpjdEtvUnpnMkNsMGRmU21PZElUUkpkR2ZTM05HUDU4VAo4dnQ1RC9pZTVGMUYxZkpta0hrQVJsTnREdzRNT2N4ME1JTW5Da3lGZm8xNjRsT2g4NFVXb2NJaEdEYWlKRlpVCjJrenAyVW5xVXVXeVJRR2hyZUxwT3cyL25vamVFREZ5TllwMXVNQlVDdzFyRXJoaDcxSDE5UmdnL0NCNTVpdkcKcFpBNEtUS2RRdkVWSG9XRmsza1UKLS0tLS1FTkQgQ0VSVElGSUNBVEUtLS0tLQo=",
                "password": "",
                "username": ""
              }
            ],
            "master_authorized_networks_config": [],
            "master_version": "1.14.10-gke.27",
            "min_master_version": null,
            "monitoring_service": "monitoring.googleapis.com/kubernetes",
            "name": "tf-jx-skilled-moccasin",
            "network": "projects/focus-cargo-275223/global/networks/default",
            "network_policy": [
              {
                "enabled": false,
                "provider": "PROVIDER_UNSPECIFIED"
              }
            ],
            "node_config": [],
            "node_locations": [],
            "node_pool": [],
            "node_version": "1.14.10-gke.27",
            "pod_security_policy_config": [],
            "private_cluster_config": [],
            "project": "focus-cargo-275223",
            "region": null,
            "remove_default_node_pool": true,
            "resource_labels": null,
            "resource_usage_export_config": [],
            "services_ipv4_cidr": "10.63.240.0/20",
            "subnetwork": "projects/focus-cargo-275223/regions/us-central1/subnetworks/default",
            "timeouts": null,
            "tpu_ipv4_cidr_block": "",
            "vertical_pod_autoscaling": [],
            "workload_identity_config": [
              {
                "identity_namespace": "focus-cargo-275223.svc.id.goog"
              }
            ],
            "zone": "us-central1-a"
          },
          "private": "eyJlMmJmYjczMC1lY2FhLTExZTYtOGY4OC0zNDM2M2JjN2M0YzAiOnsiY3JlYXRlIjoxODAwMDAwMDAwMDAwLCJkZWxldGUiOjE4MDAwMDAwMDAwMDAsInVwZGF0ZSI6MzYwMDAwMDAwMDAwMH0sInNjaGVtYV92ZXJzaW9uIjoiMSJ9",
          "dependencies": [
            "module.jx.random_pet.current"
          ]
        }
      ]
    },
    {
      "module": "module.jx.module.cluster",
      "mode": "managed",
      "type": "google_container_node_pool",
      "name": "jx_node_pool",
      "provider": "module.jx.provider.google-beta",
      "instances": [
        {
          "schema_version": 1,
          "attributes": {
            "autoscaling": [
              {
                "max_node_count": 5,
                "min_node_count": 3
              }
            ],
            "cluster": "tf-jx-skilled-moccasin",
            "id": "us-central1-a/tf-jx-skilled-moccasin/autoscale-pool",
            "initial_node_count": 3,
            "instance_group_urls": [
              "https://www.googleapis.com/compute/v1/projects/focus-cargo-275223/zones/us-central1-a/instanceGroupManagers/gke-tf-jx-skilled-mocc-autoscale-pool-0c9b2a12-grp"
            ],
            "location": "us-central1-a",
            "management": [
              {
                "auto_repair": true,
                "auto_upgrade": false
              }
            ],
            "max_pods_per_node": null,
            "name": "autoscale-pool",
            "name_prefix": "",
            "node_config": [
              {
                "disk_size_gb": 100,
                "disk_type": "pd-standard",
                "guest_accelerator": [],
                "image_type": "COS",
                "labels": {},
                "local_ssd_count": 0,
                "machine_type": "n1-standard-2",
                "metadata": {
                  "disable-legacy-endpoints": "true"
                },
                "min_cpu_platform": "",
                "oauth_scopes": [
                  "https://www.googleapis.com/auth/cloud-platform",
                  "https://www.googleapis.com/auth/compute",
                  "https://www.googleapis.com/auth/devstorage.full_control",
                  "https://www.googleapis.com/auth/logging.write",
                  "https://www.googleapis.com/auth/monitoring",
                  "https://www.googleapis.com/auth/service.management",
                  "https://www.googleapis.com/auth/servicecontrol"
                ],
                "preemptible": false,
                "sandbox_config": [],
                "service_account": "default",
                "tags": null,
                "taint": [],
                "workload_metadata_config": [
                  {
                    "node_metadata": "GKE_METADATA_SERVER"
                  }
                ]
              }
            ],
            "node_count": 3,
            "project": "focus-cargo-275223",
            "region": null,
            "timeouts": null,
            "version": "1.14.10-gke.27",
            "zone": "us-central1-a"
          },
          "private": "eyJlMmJmYjczMC1lY2FhLTExZTYtOGY4OC0zNDM2M2JjN2M0YzAiOnsiY3JlYXRlIjoxODAwMDAwMDAwMDAwLCJkZWxldGUiOjYwMDAwMDAwMDAwMCwidXBkYXRlIjo2MDAwMDAwMDAwMDB9LCJzY2hlbWFfdmVyc2lvbiI6IjEifQ==",
          "dependencies": [
            "module.jx.module.cluster.google_container_cluster.jx_cluster",
            "module.jx.random_pet.current"
          ]
        }
      ]
    },
    {
      "module": "module.jx.module.vault",
      "mode": "managed",
      "type": "google_kms_crypto_key",
      "name": "vault_crypto_key",
      "provider": "module.jx.provider.google",
      "instances": [
        {
          "schema_version": 1,
          "attributes": {
            "id": "projects/focus-cargo-275223/locations/global/keyRings/keyring-tf-jx-skilled-moccasin-2cf6c3fd5102/cryptoKeys/crypto-key-tf-jx-skilled-moccasin-2cf6c3fd5102",
            "key_ring": "projects/focus-cargo-275223/locations/global/keyRings/keyring-tf-jx-skilled-moccasin-2cf6c3fd5102",
            "labels": null,
            "name": "crypto-key-tf-jx-skilled-moccasin-2cf6c3fd5102",
            "purpose": "ENCRYPT_DECRYPT",
            "rotation_period": "100000s",
            "self_link": "projects/focus-cargo-275223/locations/global/keyRings/keyring-tf-jx-skilled-moccasin-2cf6c3fd5102/cryptoKeys/crypto-key-tf-jx-skilled-moccasin-2cf6c3fd5102",
            "timeouts": null,
            "version_template": [
              {
                "algorithm": "GOOGLE_SYMMETRIC_ENCRYPTION",
                "protection_level": "SOFTWARE"
              }
            ]
          },
          "private": "eyJlMmJmYjczMC1lY2FhLTExZTYtOGY4OC0zNDM2M2JjN2M0YzAiOnsiY3JlYXRlIjoyNDAwMDAwMDAwMDAsImRlbGV0ZSI6MjQwMDAwMDAwMDAwLCJ1cGRhdGUiOjI0MDAwMDAwMDAwMH0sInNjaGVtYV92ZXJzaW9uIjoiMSJ9",
          "dependencies": [
            "module.jx.module.vault.google_kms_key_ring.vault_keyring",
            "module.jx.module.vault.google_project_service.cloudkms_api",
            "module.jx.random_id.random",
            "module.jx.random_pet.current"
          ]
        }
      ]
    },
    {
      "module": "module.jx.module.vault",
      "mode": "managed",
      "type": "google_kms_key_ring",
      "name": "vault_keyring",
      "provider": "module.jx.provider.google",
      "instances": [
        {
          "schema_version": 0,
          "attributes": {
            "id": "projects/focus-cargo-275223/locations/global/keyRings/keyring-tf-jx-skilled-moccasin-2cf6c3fd5102",
            "location": "global",
            "name": "keyring-tf-jx-skilled-moccasin-2cf6c3fd5102",
            "project": "focus-cargo-275223",
            "self_link": "projects/focus-cargo-275223/locations/global/keyRings/keyring-tf-jx-skilled-moccasin-2cf6c3fd5102",
            "timeouts": null
          },
          "private": "eyJlMmJmYjczMC1lY2FhLTExZTYtOGY4OC0zNDM2M2JjN2M0YzAiOnsiY3JlYXRlIjoyNDAwMDAwMDAwMDAsImRlbGV0ZSI6MjQwMDAwMDAwMDAwfX0=",
          "dependencies": [
            "module.jx.module.vault.google_project_service.cloudkms_api",
            "module.jx.random_id.random",
            "module.jx.random_pet.current"
          ]
        }
      ]
    },
    {
      "module": "module.jx.module.cluster",
      "mode": "managed",
      "type": "google_project_iam_member",
      "name": "build_controller_sa_storage_admin_binding",
      "provider": "module.jx.provider.google",
      "instances": [
        {
          "schema_version": 0,
          "attributes": {
            "etag": "BwWj/YlRpHw=",
            "id": "focus-cargo-275223/roles/storage.admin/serviceaccount:tf-jx-skilled-moccasin-bc@focus-cargo-275223.iam.gserviceaccount.com",
            "member": "serviceAccount:tf-jx-skilled-moccasin-bc@focus-cargo-275223.iam.gserviceaccount.com",
            "project": null,
            "role": "roles/storage.admin"
          },
          "private": "bnVsbA==",
          "dependencies": [
            "module.jx.module.cluster.google_service_account.build_controller_sa",
            "module.jx.random_pet.current"
          ]
        }
      ]
    },
    {
      "module": "module.jx.module.cluster",
      "mode": "managed",
      "type": "google_project_iam_member",
      "name": "build_controller_sa_storage_object_admin_binding",
      "provider": "module.jx.provider.google",
      "instances": [
        {
          "schema_version": 0,
          "attributes": {
            "etag": "BwWj/YhPqR0=",
            "id": "focus-cargo-275223/roles/storage.objectAdmin/serviceaccount:tf-jx-skilled-moccasin-bc@focus-cargo-275223.iam.gserviceaccount.com",
            "member": "serviceAccount:tf-jx-skilled-moccasin-bc@focus-cargo-275223.iam.gserviceaccount.com",
            "project": null,
            "role": "roles/storage.objectAdmin"
          },
          "private": "bnVsbA==",
          "dependencies": [
            "module.jx.module.cluster.google_service_account.build_controller_sa",
            "module.jx.random_pet.current"
          ]
        }
      ]
    },
    {
      "module": "module.jx.module.dns",
      "mode": "managed",
      "type": "google_project_iam_member",
      "name": "externaldns_sa_dns_admin_binding",
      "provider": "module.jx.provider.google",
      "instances": [
        {
          "schema_version": 0,
          "attributes": {
            "etag": "BwWj/YhPqR0=",
            "id": "focus-cargo-275223/roles/dns.admin/serviceaccount:tf-jx-skilled-moccasin-dn@focus-cargo-275223.iam.gserviceaccount.com",
            "member": "serviceAccount:tf-jx-skilled-moccasin-dn@focus-cargo-275223.iam.gserviceaccount.com",
            "project": null,
            "role": "roles/dns.admin"
          },
          "private": "bnVsbA==",
          "dependencies": [
            "module.jx.module.dns.google_service_account.dns_sa",
            "module.jx.random_pet.current"
          ]
        }
      ]
    },
    {
      "module": "module.jx.module.cluster",
      "mode": "managed",
      "type": "google_project_iam_member",
      "name": "kaniko_sa_storage_admin_binding",
      "provider": "module.jx.provider.google",
      "instances": [
        {
          "schema_version": 0,
          "attributes": {
            "etag": "BwWj/YcmIxA=",
            "id": "focus-cargo-275223/roles/storage.admin/serviceaccount:tf-jx-skilled-moccasin-ko@focus-cargo-275223.iam.gserviceaccount.com",
            "member": "serviceAccount:tf-jx-skilled-moccasin-ko@focus-cargo-275223.iam.gserviceaccount.com",
            "project": null,
            "role": "roles/storage.admin"
          },
          "private": "bnVsbA==",
          "dependencies": [
            "module.jx.module.cluster.google_service_account.kaniko_sa",
            "module.jx.random_pet.current"
          ]
        }
      ]
    },
    {
      "module": "module.jx.module.cluster",
      "mode": "managed",
      "type": "google_project_iam_member",
      "name": "tekton_sa_project_viewer_binding",
      "provider": "module.jx.provider.google",
      "instances": [
        {
          "schema_version": 0,
          "attributes": {
            "etag": "BwWj/YlRpHw=",
            "id": "focus-cargo-275223/roles/viewer/serviceaccount:tf-jx-skilled-moccasin-tekton@focus-cargo-275223.iam.gserviceaccount.com",
            "member": "serviceAccount:tf-jx-skilled-moccasin-tekton@focus-cargo-275223.iam.gserviceaccount.com",
            "project": null,
            "role": "roles/viewer"
          },
          "private": "bnVsbA==",
          "dependencies": [
            "module.jx.module.cluster.google_service_account.tekton_sa",
            "module.jx.random_pet.current"
          ]
        }
      ]
    },
    {
      "module": "module.jx.module.cluster",
      "mode": "managed",
      "type": "google_project_iam_member",
      "name": "tekton_sa_storage_admin_binding",
      "provider": "module.jx.provider.google",
      "instances": [
        {
          "schema_version": 0,
          "attributes": {
            "etag": "BwWj/YlRpHw=",
            "id": "focus-cargo-275223/roles/storage.admin/serviceaccount:tf-jx-skilled-moccasin-tekton@focus-cargo-275223.iam.gserviceaccount.com",
            "member": "serviceAccount:tf-jx-skilled-moccasin-tekton@focus-cargo-275223.iam.gserviceaccount.com",
            "project": null,
            "role": "roles/storage.admin"
          },
          "private": "bnVsbA==",
          "dependencies": [
            "module.jx.module.cluster.google_service_account.tekton_sa",
            "module.jx.random_pet.current"
          ]
        }
      ]
    },
    {
      "module": "module.jx.module.cluster",
      "mode": "managed",
      "type": "google_project_iam_member",
      "name": "tekton_sa_storage_object_admin_binding",
      "provider": "module.jx.provider.google",
      "instances": [
        {
          "schema_version": 0,
          "attributes": {
            "etag": "BwWj/YlRpHw=",
            "id": "focus-cargo-275223/roles/storage.objectAdmin/serviceaccount:tf-jx-skilled-moccasin-tekton@focus-cargo-275223.iam.gserviceaccount.com",
            "member": "serviceAccount:tf-jx-skilled-moccasin-tekton@focus-cargo-275223.iam.gserviceaccount.com",
            "project": null,
            "role": "roles/storage.objectAdmin"
          },
          "private": "bnVsbA==",
          "dependencies": [
            "module.jx.module.cluster.google_service_account.tekton_sa",
            "module.jx.random_pet.current"
          ]
        }
      ]
    },
    {
      "module": "module.jx.module.vault",
      "mode": "managed",
      "type": "google_project_iam_member",
      "name": "vault_sa_cloudkms_admin_binding",
      "provider": "module.jx.provider.google",
      "instances": [
        {
          "schema_version": 0,
          "attributes": {
            "etag": "BwWj/YfUurU=",
            "id": "focus-cargo-275223/roles/cloudkms.admin/serviceaccount:tf-jx-skilled-moccasin-vt@focus-cargo-275223.iam.gserviceaccount.com",
            "member": "serviceAccount:tf-jx-skilled-moccasin-vt@focus-cargo-275223.iam.gserviceaccount.com",
            "project": null,
            "role": "roles/cloudkms.admin"
          },
          "private": "bnVsbA==",
          "dependencies": [
            "module.jx.module.vault.google_service_account.vault_sa",
            "module.jx.random_pet.current"
          ]
        }
      ]
    },
    {
      "module": "module.jx.module.vault",
      "mode": "managed",
      "type": "google_project_iam_member",
      "name": "vault_sa_cloudkms_crypto_binding",
      "provider": "module.jx.provider.google",
      "instances": [
        {
          "schema_version": 0,
          "attributes": {
            "etag": "BwWj/YfUurU=",
            "id": "focus-cargo-275223/roles/cloudkms.cryptoKeyEncrypterDecrypter/serviceaccount:tf-jx-skilled-moccasin-vt@focus-cargo-275223.iam.gserviceaccount.com",
            "member": "serviceAccount:tf-jx-skilled-moccasin-vt@focus-cargo-275223.iam.gserviceaccount.com",
            "project": null,
            "role": "roles/cloudkms.cryptoKeyEncrypterDecrypter"
          },
          "private": "bnVsbA==",
          "dependencies": [
            "module.jx.module.vault.google_service_account.vault_sa",
            "module.jx.random_pet.current"
          ]
        }
      ]
    },
    {
      "module": "module.jx.module.vault",
      "mode": "managed",
      "type": "google_project_iam_member",
      "name": "vault_sa_storage_object_admin_binding",
      "provider": "module.jx.provider.google",
      "instances": [
        {
          "schema_version": 0,
          "attributes": {
            "etag": "BwWj/YfUurU=",
            "id": "focus-cargo-275223/roles/storage.objectAdmin/serviceaccount:tf-jx-skilled-moccasin-vt@focus-cargo-275223.iam.gserviceaccount.com",
            "member": "serviceAccount:tf-jx-skilled-moccasin-vt@focus-cargo-275223.iam.gserviceaccount.com",
            "project": null,
            "role": "roles/storage.objectAdmin"
          },
          "private": "bnVsbA==",
          "dependencies": [
            "module.jx.module.vault.google_service_account.vault_sa",
            "module.jx.random_pet.current"
          ]
        }
      ]
    },
    {
      "module": "module.jx.module.backup",
      "mode": "managed",
      "type": "google_project_iam_member",
      "name": "velero_sa_storage_admin_binding",
      "provider": "module.jx.provider.google",
      "instances": [
        {
          "schema_version": 0,
          "attributes": {
            "etag": "BwWj/YfUurU=",
            "id": "focus-cargo-275223/roles/storage.admin/serviceaccount:tf-jx-skilled-moccasin-vo@focus-cargo-275223.iam.gserviceaccount.com",
            "member": "serviceAccount:tf-jx-skilled-moccasin-vo@focus-cargo-275223.iam.gserviceaccount.com",
            "project": null,
            "role": "roles/storage.admin"
          },
          "private": "bnVsbA==",
          "dependencies": [
            "module.jx.module.backup.google_service_account.velero_sa",
            "module.jx.random_pet.current"
          ]
        }
      ]
    },
    {
      "module": "module.jx.module.backup",
      "mode": "managed",
      "type": "google_project_iam_member",
      "name": "velero_sa_storage_object_admin_binding",
      "provider": "module.jx.provider.google",
      "instances": [
        {
          "schema_version": 0,
          "attributes": {
            "etag": "BwWj/YfUurU=",
            "id": "focus-cargo-275223/roles/storage.objectAdmin/serviceaccount:tf-jx-skilled-moccasin-vo@focus-cargo-275223.iam.gserviceaccount.com",
            "member": "serviceAccount:tf-jx-skilled-moccasin-vo@focus-cargo-275223.iam.gserviceaccount.com",
            "project": null,
            "role": "roles/storage.objectAdmin"
          },
          "private": "bnVsbA==",
          "dependencies": [
            "module.jx.module.backup.google_service_account.velero_sa",
            "module.jx.random_pet.current"
          ]
        }
      ]
    },
    {
      "module": "module.jx.module.backup",
      "mode": "managed",
      "type": "google_project_iam_member",
      "name": "velero_sa_storage_object_creator_binding",
      "provider": "module.jx.provider.google",
      "instances": [
        {
          "schema_version": 0,
          "attributes": {
            "etag": "BwWj/YfUurU=",
            "id": "focus-cargo-275223/roles/storage.objectCreator/serviceaccount:tf-jx-skilled-moccasin-vo@focus-cargo-275223.iam.gserviceaccount.com",
            "member": "serviceAccount:tf-jx-skilled-moccasin-vo@focus-cargo-275223.iam.gserviceaccount.com",
            "project": null,
            "role": "roles/storage.objectCreator"
          },
          "private": "bnVsbA==",
          "dependencies": [
            "module.jx.module.backup.google_service_account.velero_sa",
            "module.jx.random_pet.current"
          ]
        }
      ]
    },
    {
      "module": "module.jx",
      "mode": "managed",
      "type": "google_project_service",
      "name": "cloudbuild_api",
      "provider": "module.jx.provider.google",
      "instances": [
        {
          "schema_version": 0,
          "attributes": {
            "disable_dependent_services": null,
            "disable_on_destroy": false,
            "id": "focus-cargo-275223/cloudbuild.googleapis.com",
            "project": "focus-cargo-275223",
            "service": "cloudbuild.googleapis.com",
            "timeouts": null
          },
          "private": "eyJlMmJmYjczMC1lY2FhLTExZTYtOGY4OC0zNDM2M2JjN2M0YzAiOnsiY3JlYXRlIjoxMjAwMDAwMDAwMDAwLCJkZWxldGUiOjEyMDAwMDAwMDAwMDAsInJlYWQiOjYwMDAwMDAwMDAwMCwidXBkYXRlIjoxMjAwMDAwMDAwMDAwfX0="
        }
      ]
    },
    {
      "module": "module.jx.module.vault",
      "mode": "managed",
      "type": "google_project_service",
      "name": "cloudkms_api",
      "provider": "module.jx.provider.google",
      "instances": [
        {
          "schema_version": 0,
          "attributes": {
            "disable_dependent_services": null,
            "disable_on_destroy": false,
            "id": "focus-cargo-275223/cloudkms.googleapis.com",
            "project": "focus-cargo-275223",
            "service": "cloudkms.googleapis.com",
            "timeouts": null
          },
          "private": "eyJlMmJmYjczMC1lY2FhLTExZTYtOGY4OC0zNDM2M2JjN2M0YzAiOnsiY3JlYXRlIjoxMjAwMDAwMDAwMDAwLCJkZWxldGUiOjEyMDAwMDAwMDAwMDAsInJlYWQiOjYwMDAwMDAwMDAwMCwidXBkYXRlIjoxMjAwMDAwMDAwMDAwfX0="
        }
      ]
    },
    {
      "module": "module.jx",
      "mode": "managed",
      "type": "google_project_service",
      "name": "cloudresourcemanager_api",
      "provider": "module.jx.provider.google",
      "instances": [
        {
          "schema_version": 0,
          "attributes": {
            "disable_dependent_services": null,
            "disable_on_destroy": false,
            "id": "focus-cargo-275223/cloudresourcemanager.googleapis.com",
            "project": "focus-cargo-275223",
            "service": "cloudresourcemanager.googleapis.com",
            "timeouts": null
          },
          "private": "eyJlMmJmYjczMC1lY2FhLTExZTYtOGY4OC0zNDM2M2JjN2M0YzAiOnsiY3JlYXRlIjoxMjAwMDAwMDAwMDAwLCJkZWxldGUiOjEyMDAwMDAwMDAwMDAsInJlYWQiOjYwMDAwMDAwMDAwMCwidXBkYXRlIjoxMjAwMDAwMDAwMDAwfX0="
        }
      ]
    },
    {
      "module": "module.jx",
      "mode": "managed",
      "type": "google_project_service",
      "name": "compute_api",
      "provider": "module.jx.provider.google",
      "instances": [
        {
          "schema_version": 0,
          "attributes": {
            "disable_dependent_services": null,
            "disable_on_destroy": false,
            "id": "focus-cargo-275223/compute.googleapis.com",
            "project": "focus-cargo-275223",
            "service": "compute.googleapis.com",
            "timeouts": null
          },
          "private": "eyJlMmJmYjczMC1lY2FhLTExZTYtOGY4OC0zNDM2M2JjN2M0YzAiOnsiY3JlYXRlIjoxMjAwMDAwMDAwMDAwLCJkZWxldGUiOjEyMDAwMDAwMDAwMDAsInJlYWQiOjYwMDAwMDAwMDAwMCwidXBkYXRlIjoxMjAwMDAwMDAwMDAwfX0="
        }
      ]
    },
    {
      "module": "module.jx",
      "mode": "managed",
      "type": "google_project_service",
      "name": "containeranalysis_api",
      "provider": "module.jx.provider.google",
      "instances": [
        {
          "schema_version": 0,
          "attributes": {
            "disable_dependent_services": null,
            "disable_on_destroy": false,
            "id": "focus-cargo-275223/containeranalysis.googleapis.com",
            "project": "focus-cargo-275223",
            "service": "containeranalysis.googleapis.com",
            "timeouts": null
          },
          "private": "eyJlMmJmYjczMC1lY2FhLTExZTYtOGY4OC0zNDM2M2JjN2M0YzAiOnsiY3JlYXRlIjoxMjAwMDAwMDAwMDAwLCJkZWxldGUiOjEyMDAwMDAwMDAwMDAsInJlYWQiOjYwMDAwMDAwMDAwMCwidXBkYXRlIjoxMjAwMDAwMDAwMDAwfX0="
        }
      ]
    },
    {
      "module": "module.jx",
      "mode": "managed",
      "type": "google_project_service",
      "name": "containerregistry_api",
      "provider": "module.jx.provider.google",
      "instances": [
        {
          "schema_version": 0,
          "attributes": {
            "disable_dependent_services": null,
            "disable_on_destroy": false,
            "id": "focus-cargo-275223/containerregistry.googleapis.com",
            "project": "focus-cargo-275223",
            "service": "containerregistry.googleapis.com",
            "timeouts": null
          },
          "private": "eyJlMmJmYjczMC1lY2FhLTExZTYtOGY4OC0zNDM2M2JjN2M0YzAiOnsiY3JlYXRlIjoxMjAwMDAwMDAwMDAwLCJkZWxldGUiOjEyMDAwMDAwMDAwMDAsInJlYWQiOjYwMDAwMDAwMDAwMCwidXBkYXRlIjoxMjAwMDAwMDAwMDAwfX0="
        }
      ]
    },
    {
      "module": "module.jx.module.dns",
      "mode": "managed",
      "type": "google_project_service",
      "name": "dns_api",
      "provider": "module.jx.provider.google",
      "instances": [
        {
          "schema_version": 0,
          "attributes": {
            "disable_dependent_services": null,
            "disable_on_destroy": false,
            "id": "focus-cargo-275223/dns.googleapis.com",
            "project": "focus-cargo-275223",
            "service": "dns.googleapis.com",
            "timeouts": null
          },
          "private": "eyJlMmJmYjczMC1lY2FhLTExZTYtOGY4OC0zNDM2M2JjN2M0YzAiOnsiY3JlYXRlIjoxMjAwMDAwMDAwMDAwLCJkZWxldGUiOjEyMDAwMDAwMDAwMDAsInJlYWQiOjYwMDAwMDAwMDAwMCwidXBkYXRlIjoxMjAwMDAwMDAwMDAwfX0="
        }
      ]
    },
    {
      "module": "module.jx",
      "mode": "managed",
      "type": "google_project_service",
      "name": "iam_api",
      "provider": "module.jx.provider.google",
      "instances": [
        {
          "schema_version": 0,
          "attributes": {
            "disable_dependent_services": null,
            "disable_on_destroy": false,
            "id": "focus-cargo-275223/iam.googleapis.com",
            "project": "focus-cargo-275223",
            "service": "iam.googleapis.com",
            "timeouts": null
          },
          "private": "eyJlMmJmYjczMC1lY2FhLTExZTYtOGY4OC0zNDM2M2JjN2M0YzAiOnsiY3JlYXRlIjoxMjAwMDAwMDAwMDAwLCJkZWxldGUiOjEyMDAwMDAwMDAwMDAsInJlYWQiOjYwMDAwMDAwMDAwMCwidXBkYXRlIjoxMjAwMDAwMDAwMDAwfX0="
        }
      ]
    },
    {
      "module": "module.jx",
      "mode": "managed",
      "type": "google_project_service",
      "name": "serviceusage_api",
      "provider": "module.jx.provider.google",
      "instances": [
        {
          "schema_version": 0,
          "attributes": {
            "disable_dependent_services": null,
            "disable_on_destroy": false,
            "id": "focus-cargo-275223/serviceusage.googleapis.com",
            "project": "focus-cargo-275223",
            "service": "serviceusage.googleapis.com",
            "timeouts": null
          },
          "private": "eyJlMmJmYjczMC1lY2FhLTExZTYtOGY4OC0zNDM2M2JjN2M0YzAiOnsiY3JlYXRlIjoxMjAwMDAwMDAwMDAwLCJkZWxldGUiOjEyMDAwMDAwMDAwMDAsInJlYWQiOjYwMDAwMDAwMDAwMCwidXBkYXRlIjoxMjAwMDAwMDAwMDAwfX0="
        }
      ]
    },
    {
      "module": "module.jx.module.cluster",
      "mode": "managed",
      "type": "google_service_account",
      "name": "build_controller_sa",
      "provider": "module.jx.provider.google",
      "instances": [
        {
          "schema_version": 0,
          "attributes": {
            "account_id": "tf-jx-skilled-moccasin-bc",
            "display_name": "Build controller service account for cluster tf-jx-skilled-moccasin",
            "email": "tf-jx-skilled-moccasin-bc@focus-cargo-275223.iam.gserviceaccount.com",
            "id": "projects/focus-cargo-275223/serviceAccounts/tf-jx-skilled-moccasin-bc@focus-cargo-275223.iam.gserviceaccount.com",
            "name": "projects/focus-cargo-275223/serviceAccounts/tf-jx-skilled-moccasin-bc@focus-cargo-275223.iam.gserviceaccount.com",
            "policy_data": null,
            "project": "focus-cargo-275223",
            "unique_id": "106287280227801495577"
          },
          "private": "bnVsbA==",
          "dependencies": [
            "module.jx.random_pet.current"
          ]
        }
      ]
    },
    {
      "module": "module.jx.module.dns",
      "mode": "managed",
      "type": "google_service_account",
      "name": "dns_sa",
      "provider": "module.jx.provider.google",
      "instances": [
        {
          "schema_version": 0,
          "attributes": {
            "account_id": "tf-jx-skilled-moccasin-dn",
            "display_name": "ExternalDNS service account for cluster tf-jx-skilled-moccasin",
            "email": "tf-jx-skilled-moccasin-dn@focus-cargo-275223.iam.gserviceaccount.com",
            "id": "projects/focus-cargo-275223/serviceAccounts/tf-jx-skilled-moccasin-dn@focus-cargo-275223.iam.gserviceaccount.com",
            "name": "projects/focus-cargo-275223/serviceAccounts/tf-jx-skilled-moccasin-dn@focus-cargo-275223.iam.gserviceaccount.com",
            "policy_data": null,
            "project": "focus-cargo-275223",
            "unique_id": "112630962011679832777"
          },
          "private": "bnVsbA==",
          "dependencies": [
            "module.jx.random_pet.current"
          ]
        }
      ]
    },
    {
      "module": "module.jx.module.cluster",
      "mode": "managed",
      "type": "google_service_account",
      "name": "kaniko_sa",
      "provider": "module.jx.provider.google",
      "instances": [
        {
          "schema_version": 0,
          "attributes": {
            "account_id": "tf-jx-skilled-moccasin-ko",
            "display_name": "Kaniko service account for cluster tf-jx-skilled-moccasin",
            "email": "tf-jx-skilled-moccasin-ko@focus-cargo-275223.iam.gserviceaccount.com",
            "id": "projects/focus-cargo-275223/serviceAccounts/tf-jx-skilled-moccasin-ko@focus-cargo-275223.iam.gserviceaccount.com",
            "name": "projects/focus-cargo-275223/serviceAccounts/tf-jx-skilled-moccasin-ko@focus-cargo-275223.iam.gserviceaccount.com",
            "policy_data": null,
            "project": "focus-cargo-275223",
            "unique_id": "104425828080530491737"
          },
          "private": "bnVsbA==",
          "dependencies": [
            "module.jx.random_pet.current"
          ]
        }
      ]
    },
    {
      "module": "module.jx.module.cluster",
      "mode": "managed",
      "type": "google_service_account",
      "name": "tekton_sa",
      "provider": "module.jx.provider.google",
      "instances": [
        {
          "schema_version": 0,
          "attributes": {
            "account_id": "tf-jx-skilled-moccasin-tekton",
            "display_name": "Tekton service account for cluster tf-jx-skilled-moccasin",
            "email": "tf-jx-skilled-moccasin-tekton@focus-cargo-275223.iam.gserviceaccount.com",
            "id": "projects/focus-cargo-275223/serviceAccounts/tf-jx-skilled-moccasin-tekton@focus-cargo-275223.iam.gserviceaccount.com",
            "name": "projects/focus-cargo-275223/serviceAccounts/tf-jx-skilled-moccasin-tekton@focus-cargo-275223.iam.gserviceaccount.com",
            "policy_data": null,
            "project": "focus-cargo-275223",
            "unique_id": "110747589721744137265"
          },
          "private": "bnVsbA==",
          "dependencies": [
            "module.jx.random_pet.current"
          ]
        }
      ]
    },
    {
      "module": "module.jx.module.vault",
      "mode": "managed",
      "type": "google_service_account",
      "name": "vault_sa",
      "provider": "module.jx.provider.google",
      "instances": [
        {
          "schema_version": 0,
          "attributes": {
            "account_id": "tf-jx-skilled-moccasin-vt",
            "display_name": "Vault service account for cluster tf-jx-skilled-moccasin",
            "email": "tf-jx-skilled-moccasin-vt@focus-cargo-275223.iam.gserviceaccount.com",
            "id": "projects/focus-cargo-275223/serviceAccounts/tf-jx-skilled-moccasin-vt@focus-cargo-275223.iam.gserviceaccount.com",
            "name": "projects/focus-cargo-275223/serviceAccounts/tf-jx-skilled-moccasin-vt@focus-cargo-275223.iam.gserviceaccount.com",
            "policy_data": null,
            "project": "focus-cargo-275223",
            "unique_id": "103489741137866962052"
          },
          "private": "bnVsbA==",
          "dependencies": [
            "module.jx.random_pet.current"
          ]
        }
      ]
    },
    {
      "module": "module.jx.module.backup",
      "mode": "managed",
      "type": "google_service_account",
      "name": "velero_sa",
      "provider": "module.jx.provider.google",
      "instances": [
        {
          "schema_version": 0,
          "attributes": {
            "account_id": "tf-jx-skilled-moccasin-vo",
            "display_name": "Velero service account for cluster tf-jx-skilled-moccasin",
            "email": "tf-jx-skilled-moccasin-vo@focus-cargo-275223.iam.gserviceaccount.com",
            "id": "projects/focus-cargo-275223/serviceAccounts/tf-jx-skilled-moccasin-vo@focus-cargo-275223.iam.gserviceaccount.com",
            "name": "projects/focus-cargo-275223/serviceAccounts/tf-jx-skilled-moccasin-vo@focus-cargo-275223.iam.gserviceaccount.com",
            "policy_data": null,
            "project": "focus-cargo-275223",
            "unique_id": "111554086242394888471"
          },
          "private": "bnVsbA==",
          "dependencies": [
            "module.jx.random_pet.current"
          ]
        }
      ]
    },
    {
      "module": "module.jx.module.cluster",
      "mode": "managed",
      "type": "google_service_account_iam_member",
      "name": "build_controller_sa_workload_identity_user",
      "provider": "module.jx.provider.google",
      "instances": [
        {
          "schema_version": 0,
          "attributes": {
            "etag": "BwWj/YgphrY=",
            "id": "projects/focus-cargo-275223/serviceAccounts/tf-jx-skilled-moccasin-bc@focus-cargo-275223.iam.gserviceaccount.com/roles/iam.workloadIdentityUser/serviceaccount:focus-cargo-275223.svc.id.goog[jx/jenkins-x-controllerbuild]",
            "member": "serviceAccount:focus-cargo-275223.svc.id.goog[jx/jenkins-x-controllerbuild]",
            "role": "roles/iam.workloadIdentityUser",
            "service_account_id": "projects/focus-cargo-275223/serviceAccounts/tf-jx-skilled-moccasin-bc@focus-cargo-275223.iam.gserviceaccount.com"
          },
          "private": "bnVsbA==",
          "dependencies": [
            "module.jx.module.cluster.google_service_account.build_controller_sa",
            "module.jx.random_pet.current"
          ]
        }
      ]
    },
    {
      "module": "module.jx.module.dns",
      "mode": "managed",
      "type": "google_service_account_iam_member",
      "name": "cm_cainjector_workload_identity_user",
      "each": "list",
      "provider": "module.jx.provider.google",
      "instances": []
    },
    {
      "module": "module.jx.module.dns",
      "mode": "managed",
      "type": "google_service_account_iam_member",
      "name": "cm_cert_manager_workload_identity_user",
      "each": "list",
      "provider": "module.jx.provider.google",
      "instances": []
    },
    {
      "module": "module.jx.module.dns",
      "mode": "managed",
      "type": "google_service_account_iam_member",
      "name": "exdns_external_dns_workload_identity_user",
      "each": "list",
      "provider": "module.jx.provider.google",
      "instances": []
    },
    {
      "module": "module.jx.module.cluster",
      "mode": "managed",
      "type": "google_service_account_iam_member",
      "name": "kaniko_sa_workload_identity_user",
      "provider": "module.jx.provider.google",
      "instances": [
        {
          "schema_version": 0,
          "attributes": {
            "etag": "BwWj/YVLWDc=",
            "id": "projects/focus-cargo-275223/serviceAccounts/tf-jx-skilled-moccasin-ko@focus-cargo-275223.iam.gserviceaccount.com/roles/iam.workloadIdentityUser/serviceaccount:focus-cargo-275223.svc.id.goog[jx/kaniko-sa]",
            "member": "serviceAccount:focus-cargo-275223.svc.id.goog[jx/kaniko-sa]",
            "role": "roles/iam.workloadIdentityUser",
            "service_account_id": "projects/focus-cargo-275223/serviceAccounts/tf-jx-skilled-moccasin-ko@focus-cargo-275223.iam.gserviceaccount.com"
          },
          "private": "bnVsbA==",
          "dependencies": [
            "module.jx.module.cluster.google_service_account.kaniko_sa",
            "module.jx.random_pet.current"
          ]
        }
      ]
    },
    {
      "module": "module.jx.module.cluster",
      "mode": "managed",
      "type": "google_service_account_iam_member",
      "name": "tekton_sa_workload_identity_user",
      "provider": "module.jx.provider.google",
      "instances": [
        {
          "schema_version": 0,
          "attributes": {
            "etag": "BwWj/Yg3VMM=",
            "id": "projects/focus-cargo-275223/serviceAccounts/tf-jx-skilled-moccasin-tekton@focus-cargo-275223.iam.gserviceaccount.com/roles/iam.workloadIdentityUser/serviceaccount:focus-cargo-275223.svc.id.goog[jx/tekton-bot]",
            "member": "serviceAccount:focus-cargo-275223.svc.id.goog[jx/tekton-bot]",
            "role": "roles/iam.workloadIdentityUser",
            "service_account_id": "projects/focus-cargo-275223/serviceAccounts/tf-jx-skilled-moccasin-tekton@focus-cargo-275223.iam.gserviceaccount.com"
          },
          "private": "bnVsbA==",
          "dependencies": [
            "module.jx.module.cluster.google_service_account.tekton_sa",
            "module.jx.random_pet.current"
          ]
        }
      ]
    },
    {
      "module": "module.jx.module.vault",
      "mode": "managed",
      "type": "google_service_account_iam_member",
      "name": "vault_auth_workload_identity_user",
      "provider": "module.jx.provider.google",
      "instances": [
        {
          "schema_version": 0,
          "attributes": {
            "etag": "BwWj/a1NG44=",
            "id": "projects/focus-cargo-275223/serviceAccounts/tf-jx-skilled-moccasin-vt@focus-cargo-275223.iam.gserviceaccount.com/roles/iam.workloadIdentityUser/serviceaccount:focus-cargo-275223.svc.id.goog[jx/vault-auth]",
            "member": "serviceAccount:focus-cargo-275223.svc.id.goog[jx/vault-auth]",
            "role": "roles/iam.workloadIdentityUser",
            "service_account_id": "projects/focus-cargo-275223/serviceAccounts/tf-jx-skilled-moccasin-vt@focus-cargo-275223.iam.gserviceaccount.com"
          },
          "private": "bnVsbA==",
          "dependencies": [
            "module.jx.module.cluster.google_container_cluster.jx_cluster",
            "module.jx.module.cluster.google_container_node_pool.jx_node_pool",
            "module.jx.module.cluster.kubernetes_namespace.jenkins_x_namespace",
            "module.jx.module.vault.google_service_account.vault_sa",
            "module.jx.random_pet.current"
          ]
        }
      ]
    },
    {
      "module": "module.jx.module.vault",
      "mode": "managed",
      "type": "google_service_account_iam_member",
      "name": "vault_operator_workload_identity_user",
      "provider": "module.jx.provider.google",
      "instances": [
        {
          "schema_version": 0,
          "attributes": {
            "etag": "BwWj/a1NG44=",
            "id": "projects/focus-cargo-275223/serviceAccounts/tf-jx-skilled-moccasin-vt@focus-cargo-275223.iam.gserviceaccount.com/roles/iam.workloadIdentityUser/serviceaccount:focus-cargo-275223.svc.id.goog[jx/tf-jx-skilled-moccasin-vt]",
            "member": "serviceAccount:focus-cargo-275223.svc.id.goog[jx/tf-jx-skilled-moccasin-vt]",
            "role": "roles/iam.workloadIdentityUser",
            "service_account_id": "projects/focus-cargo-275223/serviceAccounts/tf-jx-skilled-moccasin-vt@focus-cargo-275223.iam.gserviceaccount.com"
          },
          "private": "bnVsbA==",
          "dependencies": [
            "module.jx.module.cluster.google_container_cluster.jx_cluster",
            "module.jx.module.cluster.google_container_node_pool.jx_node_pool",
            "module.jx.module.cluster.kubernetes_namespace.jenkins_x_namespace",
            "module.jx.module.vault.google_service_account.vault_sa",
            "module.jx.random_pet.current"
          ]
        }
      ]
    },
    {
      "module": "module.jx.module.backup",
      "mode": "managed",
      "type": "google_service_account_iam_member",
      "name": "velero_sa_workload_identity_user",
      "provider": "module.jx.provider.google",
      "instances": [
        {
          "schema_version": 0,
          "attributes": {
            "etag": "BwWj/YVX9P4=",
            "id": "projects/focus-cargo-275223/serviceAccounts/tf-jx-skilled-moccasin-vo@focus-cargo-275223.iam.gserviceaccount.com/roles/iam.workloadIdentityUser/serviceaccount:focus-cargo-275223.svc.id.goog[velero/velero-server]",
            "member": "serviceAccount:focus-cargo-275223.svc.id.goog[velero/velero-server]",
            "role": "roles/iam.workloadIdentityUser",
            "service_account_id": "projects/focus-cargo-275223/serviceAccounts/tf-jx-skilled-moccasin-vo@focus-cargo-275223.iam.gserviceaccount.com"
          },
          "private": "bnVsbA==",
          "dependencies": [
            "module.jx.module.backup.google_service_account.velero_sa",
            "module.jx.random_pet.current"
          ]
        }
      ]
    },
    {
      "module": "module.jx.module.backup",
      "mode": "managed",
      "type": "google_storage_bucket",
      "name": "backup_bucket",
      "provider": "module.jx.provider.google",
      "instances": [
        {
          "schema_version": 0,
          "attributes": {
            "bucket_policy_only": false,
            "cors": [],
            "encryption": [],
            "force_destroy": false,
            "id": "backup-tf-jx-skilled-moccasin-2cf6c3fd5102",
            "labels": null,
            "lifecycle_rule": [],
            "location": "US",
            "logging": [],
            "name": "backup-tf-jx-skilled-moccasin-2cf6c3fd5102",
            "predefined_acl": null,
            "project": "focus-cargo-275223",
            "requester_pays": false,
            "retention_policy": [],
            "self_link": "https://www.googleapis.com/storage/v1/b/backup-tf-jx-skilled-moccasin-2cf6c3fd5102",
            "storage_class": "STANDARD",
            "url": "gs://backup-tf-jx-skilled-moccasin-2cf6c3fd5102",
            "versioning": [],
            "website": []
          },
          "private": "bnVsbA==",
          "dependencies": [
            "module.jx.random_id.random",
            "module.jx.random_pet.current"
          ]
        }
      ]
    },
    {
      "module": "module.jx.module.cluster",
      "mode": "managed",
      "type": "google_storage_bucket",
      "name": "log_bucket",
      "each": "list",
      "provider": "module.jx.provider.google",
      "instances": [
        {
          "index_key": 0,
          "schema_version": 0,
          "attributes": {
            "bucket_policy_only": false,
            "cors": [],
            "encryption": [],
            "force_destroy": false,
            "id": "logs-tf-jx-skilled-moccasin-2cf6c3fd5102",
            "labels": null,
            "lifecycle_rule": [],
            "location": "US",
            "logging": [],
            "name": "logs-tf-jx-skilled-moccasin-2cf6c3fd5102",
            "predefined_acl": null,
            "project": "focus-cargo-275223",
            "requester_pays": false,
            "retention_policy": [],
            "self_link": "https://www.googleapis.com/storage/v1/b/logs-tf-jx-skilled-moccasin-2cf6c3fd5102",
            "storage_class": "STANDARD",
            "url": "gs://logs-tf-jx-skilled-moccasin-2cf6c3fd5102",
            "versioning": [],
            "website": []
          },
          "private": "bnVsbA==",
          "dependencies": [
            "module.jx.random_id.random",
            "module.jx.random_pet.current"
          ]
        }
      ]
    },
    {
      "module": "module.jx.module.cluster",
      "mode": "managed",
      "type": "google_storage_bucket",
      "name": "report_bucket",
      "each": "list",
      "provider": "module.jx.provider.google",
      "instances": [
        {
          "index_key": 0,
          "schema_version": 0,
          "attributes": {
            "bucket_policy_only": false,
            "cors": [],
            "encryption": [],
            "force_destroy": false,
            "id": "reports-tf-jx-skilled-moccasin-2cf6c3fd5102",
            "labels": null,
            "lifecycle_rule": [],
            "location": "US",
            "logging": [],
            "name": "reports-tf-jx-skilled-moccasin-2cf6c3fd5102",
            "predefined_acl": null,
            "project": "focus-cargo-275223",
            "requester_pays": false,
            "retention_policy": [],
            "self_link": "https://www.googleapis.com/storage/v1/b/reports-tf-jx-skilled-moccasin-2cf6c3fd5102",
            "storage_class": "STANDARD",
            "url": "gs://reports-tf-jx-skilled-moccasin-2cf6c3fd5102",
            "versioning": [],
            "website": []
          },
          "private": "bnVsbA==",
          "dependencies": [
            "module.jx.random_id.random",
            "module.jx.random_pet.current"
          ]
        }
      ]
    },
    {
      "module": "module.jx.module.cluster",
      "mode": "managed",
      "type": "google_storage_bucket",
      "name": "repository_bucket",
      "each": "list",
      "provider": "module.jx.provider.google",
      "instances": [
        {
          "index_key": 0,
          "schema_version": 0,
          "attributes": {
            "bucket_policy_only": false,
            "cors": [],
            "encryption": [],
            "force_destroy": false,
            "id": "repository-tf-jx-skilled-moccasin-2cf6c3fd5102",
            "labels": null,
            "lifecycle_rule": [],
            "location": "US",
            "logging": [],
            "name": "repository-tf-jx-skilled-moccasin-2cf6c3fd5102",
            "predefined_acl": null,
            "project": "focus-cargo-275223",
            "requester_pays": false,
            "retention_policy": [],
            "self_link": "https://www.googleapis.com/storage/v1/b/repository-tf-jx-skilled-moccasin-2cf6c3fd5102",
            "storage_class": "STANDARD",
            "url": "gs://repository-tf-jx-skilled-moccasin-2cf6c3fd5102",
            "versioning": [],
            "website": []
          },
          "private": "bnVsbA==",
          "dependencies": [
            "module.jx.random_id.random",
            "module.jx.random_pet.current"
          ]
        }
      ]
    },
    {
      "module": "module.jx.module.vault",
      "mode": "managed",
      "type": "google_storage_bucket",
      "name": "vault_bucket",
      "provider": "module.jx.provider.google",
      "instances": [
        {
          "schema_version": 0,
          "attributes": {
            "bucket_policy_only": false,
            "cors": [],
            "encryption": [],
            "force_destroy": false,
            "id": "vault-tf-jx-skilled-moccasin-2cf6c3fd5102",
            "labels": null,
            "lifecycle_rule": [],
            "location": "US",
            "logging": [],
            "name": "vault-tf-jx-skilled-moccasin-2cf6c3fd5102",
            "predefined_acl": null,
            "project": "focus-cargo-275223",
            "requester_pays": false,
            "retention_policy": [],
            "self_link": "https://www.googleapis.com/storage/v1/b/vault-tf-jx-skilled-moccasin-2cf6c3fd5102",
            "storage_class": "STANDARD",
            "url": "gs://vault-tf-jx-skilled-moccasin-2cf6c3fd5102",
            "versioning": [],
            "website": []
          },
          "private": "bnVsbA==",
          "dependencies": [
            "module.jx.random_id.random",
            "module.jx.random_pet.current"
          ]
        }
      ]
    },
    {
      "module": "module.jx.module.dns",
      "mode": "managed",
      "type": "kubernetes_namespace",
      "name": "cert-manager",
      "each": "list",
      "provider": "module.jx.provider.kubernetes",
      "instances": []
    },
    {
      "module": "module.jx.module.cluster",
      "mode": "managed",
      "type": "kubernetes_namespace",
      "name": "jenkins_x_namespace",
      "provider": "module.jx.provider.kubernetes",
      "instances": [
        {
          "schema_version": 0,
          "attributes": {
            "id": "jx",
            "metadata": [
              {
                "annotations": null,
                "generate_name": "",
                "generation": 0,
                "labels": null,
                "name": "jx",
                "resource_version": "1996",
                "self_link": "/api/v1/namespaces/jx",
                "uid": "d3f6dc38-85ba-11ea-a4b9-42010a8001c3"
              }
            ],
            "timeouts": null
          },
          "private": "eyJlMmJmYjczMC1lY2FhLTExZTYtOGY4OC0zNDM2M2JjN2M0YzAiOnsiZGVsZXRlIjozMDAwMDAwMDAwMDB9fQ==",
          "dependencies": [
            "module.jx.module.cluster.google_container_cluster.jx_cluster",
            "module.jx.module.cluster.google_container_node_pool.jx_node_pool",
            "module.jx.random_pet.current"
          ]
        }
      ]
    },
    {
      "module": "module.jx.module.backup",
      "mode": "managed",
      "type": "kubernetes_namespace",
      "name": "velero_namespace",
      "provider": "module.jx.provider.kubernetes",
      "instances": [
        {
          "schema_version": 0,
          "attributes": {
            "id": "velero",
            "metadata": [
              {
                "annotations": null,
                "generate_name": "",
                "generation": 0,
                "labels": null,
                "name": "velero",
                "resource_version": "1347",
                "self_link": "/api/v1/namespaces/velero",
                "uid": "f54f0ee2-85b9-11ea-a5c9-42010a8001bc"
              }
            ],
            "timeouts": null
          },
          "private": "eyJlMmJmYjczMC1lY2FhLTExZTYtOGY4OC0zNDM2M2JjN2M0YzAiOnsiZGVsZXRlIjozMDAwMDAwMDAwMDB9fQ==",
          "dependencies": [
            "module.jx.module.cluster.google_container_cluster.jx_cluster",
            "module.jx.random_pet.current"
          ]
        }
      ]
    },
    {
      "module": "module.jx.module.cluster",
      "mode": "managed",
      "type": "kubernetes_service_account",
      "name": "build_controller_sa",
      "provider": "module.jx.provider.kubernetes",
      "instances": [
        {
          "schema_version": 0,
          "attributes": {
            "automount_service_account_token": true,
            "default_secret_name": "jenkins-x-controllerbuild-token-b9x7n",
            "id": "jx/jenkins-x-controllerbuild",
            "image_pull_secret": [],
            "metadata": [
              {
                "annotations": {
                  "iam.gke.io/gcp-service-account": "tf-jx-skilled-moccasin-bc@focus-cargo-275223.iam.gserviceaccount.com"
                },
                "generate_name": "",
                "generation": 0,
                "labels": null,
                "name": "jenkins-x-controllerbuild",
                "namespace": "jx",
                "resource_version": "2016",
                "self_link": "/api/v1/namespaces/jx/serviceaccounts/jenkins-x-controllerbuild",
                "uid": "d3f90d63-85ba-11ea-a4b9-42010a8001c3"
              }
            ],
            "secret": [],
            "timeouts": null
          },
          "private": "eyJlMmJmYjczMC1lY2FhLTExZTYtOGY4OC0zNDM2M2JjN2M0YzAiOnsiY3JlYXRlIjozMDAwMDAwMDAwMH19",
          "dependencies": [
            "module.jx.module.cluster.google_container_cluster.jx_cluster",
            "module.jx.module.cluster.google_container_node_pool.jx_node_pool",
            "module.jx.module.cluster.google_service_account.build_controller_sa",
            "module.jx.random_pet.current"
          ]
        }
      ]
    },
    {
      "module": "module.jx.module.dns",
      "mode": "managed",
      "type": "kubernetes_service_account",
      "name": "cm-cainjector",
      "each": "list",
      "provider": "module.jx.provider.kubernetes",
      "instances": []
    },
    {
      "module": "module.jx.module.dns",
      "mode": "managed",
      "type": "kubernetes_service_account",
      "name": "cm-cert-manager",
      "each": "list",
      "provider": "module.jx.provider.kubernetes",
      "instances": []
    },
    {
      "module": "module.jx.module.dns",
      "mode": "managed",
      "type": "kubernetes_service_account",
      "name": "exdns-external-dns",
      "each": "list",
      "provider": "module.jx.provider.kubernetes",
      "instances": []
    },
    {
      "module": "module.jx.module.cluster",
      "mode": "managed",
      "type": "kubernetes_service_account",
      "name": "kaniko_sa",
      "provider": "module.jx.provider.kubernetes",
      "instances": [
        {
          "schema_version": 0,
          "attributes": {
            "automount_service_account_token": true,
            "default_secret_name": "kaniko-sa-token-jhm2b",
            "id": "jx/kaniko-sa",
            "image_pull_secret": [],
            "metadata": [
              {
                "annotations": {
                  "iam.gke.io/gcp-service-account": "tf-jx-skilled-moccasin-ko@focus-cargo-275223.iam.gserviceaccount.com"
                },
                "generate_name": "",
                "generation": 0,
                "labels": null,
                "name": "kaniko-sa",
                "namespace": "jx",
                "resource_version": "2012",
                "self_link": "/api/v1/namespaces/jx/serviceaccounts/kaniko-sa",
                "uid": "d3f8e2cc-85ba-11ea-a4b9-42010a8001c3"
              }
            ],
            "secret": [],
            "timeouts": null
          },
          "private": "eyJlMmJmYjczMC1lY2FhLTExZTYtOGY4OC0zNDM2M2JjN2M0YzAiOnsiY3JlYXRlIjozMDAwMDAwMDAwMH19",
          "dependencies": [
            "module.jx.module.cluster.google_container_cluster.jx_cluster",
            "module.jx.module.cluster.google_container_node_pool.jx_node_pool",
            "module.jx.module.cluster.google_service_account.kaniko_sa",
            "module.jx.random_pet.current"
          ]
        }
      ]
    },
    {
      "module": "module.jx.module.cluster",
      "mode": "managed",
      "type": "kubernetes_service_account",
      "name": "tekton_sa",
      "provider": "module.jx.provider.kubernetes",
      "instances": [
        {
          "schema_version": 0,
          "attributes": {
            "automount_service_account_token": true,
            "default_secret_name": "tekton-bot-token-86zms",
            "id": "jx/tekton-bot",
            "image_pull_secret": [],
            "metadata": [
              {
                "annotations": {
                  "iam.gke.io/gcp-service-account": "tf-jx-skilled-moccasin-tekton@focus-cargo-275223.iam.gserviceaccount.com"
                },
                "generate_name": "",
                "generation": 0,
                "labels": null,
                "name": "tekton-bot",
                "namespace": "jx",
                "resource_version": "2010",
                "self_link": "/api/v1/namespaces/jx/serviceaccounts/tekton-bot",
                "uid": "d3f9f5e8-85ba-11ea-a4b9-42010a8001c3"
              }
            ],
            "secret": [],
            "timeouts": null
          },
          "private": "eyJlMmJmYjczMC1lY2FhLTExZTYtOGY4OC0zNDM2M2JjN2M0YzAiOnsiY3JlYXRlIjozMDAwMDAwMDAwMH19",
          "dependencies": [
            "module.jx.module.cluster.google_container_cluster.jx_cluster",
            "module.jx.module.cluster.google_container_node_pool.jx_node_pool",
            "module.jx.module.cluster.google_service_account.tekton_sa",
            "module.jx.random_pet.current"
          ]
        }
      ]
    },
    {
      "module": "module.jx.module.vault",
      "mode": "managed",
      "type": "kubernetes_service_account",
      "name": "vault_sa",
      "provider": "module.jx.provider.kubernetes",
      "instances": [
        {
          "schema_version": 0,
          "attributes": {
            "automount_service_account_token": true,
            "default_secret_name": "tf-jx-skilled-moccasin-vt-token-hs45c",
            "id": "jx/tf-jx-skilled-moccasin-vt",
            "image_pull_secret": [],
            "metadata": [
              {
                "annotations": {
                  "iam.gke.io/gcp-service-account": "tf-jx-skilled-moccasin-vt@focus-cargo-275223.iam.gserviceaccount.com"
                },
                "generate_name": "",
                "generation": 0,
                "labels": null,
                "name": "tf-jx-skilled-moccasin-vt",
                "namespace": "jx",
                "resource_version": "2015",
                "self_link": "/api/v1/namespaces/jx/serviceaccounts/tf-jx-skilled-moccasin-vt",
                "uid": "d42a408b-85ba-11ea-a4b9-42010a8001c3"
              }
            ],
            "secret": [],
            "timeouts": null
          },
          "private": "eyJlMmJmYjczMC1lY2FhLTExZTYtOGY4OC0zNDM2M2JjN2M0YzAiOnsiY3JlYXRlIjozMDAwMDAwMDAwMH19",
          "dependencies": [
            "module.jx.module.cluster.google_container_cluster.jx_cluster",
            "module.jx.module.cluster.google_container_node_pool.jx_node_pool",
            "module.jx.module.cluster.kubernetes_namespace.jenkins_x_namespace",
            "module.jx.module.vault.google_service_account.vault_sa",
            "module.jx.random_pet.current"
          ]
        }
      ]
    },
    {
      "module": "module.jx.module.backup",
      "mode": "managed",
      "type": "kubernetes_service_account",
      "name": "verlero_sa",
      "provider": "module.jx.provider.kubernetes",
      "instances": [
        {
          "schema_version": 0,
          "attributes": {
            "automount_service_account_token": true,
            "default_secret_name": "velero-server-token-xxqsx",
            "id": "velero/velero-server",
            "image_pull_secret": [],
            "metadata": [
              {
                "annotations": {
                  "iam.gke.io/gcp-service-account": "tf-jx-skilled-moccasin-vo@focus-cargo-275223.iam.gserviceaccount.com"
                },
                "generate_name": "",
                "generation": 0,
                "labels": null,
                "name": "velero-server",
                "namespace": "velero",
                "resource_version": "1358",
                "self_link": "/api/v1/namespaces/velero/serviceaccounts/velero-server",
                "uid": "f58556c4-85b9-11ea-a5c9-42010a8001bc"
              }
            ],
            "secret": [],
            "timeouts": null
          },
          "private": "eyJlMmJmYjczMC1lY2FhLTExZTYtOGY4OC0zNDM2M2JjN2M0YzAiOnsiY3JlYXRlIjozMDAwMDAwMDAwMH19",
          "dependencies": [
            "module.jx.module.backup.google_service_account.velero_sa",
            "module.jx.module.backup.kubernetes_namespace.velero_namespace",
            "module.jx.module.cluster.google_container_cluster.jx_cluster",
            "module.jx.random_pet.current"
          ]
        }
      ]
    },
    {
      "module": "module.jx",
      "mode": "managed",
      "type": "local_file",
      "name": "jx-requirements",
      "provider": "module.jx.provider.local",
      "instances": [
        {
          "schema_version": 0,
          "attributes": {
            "content": "autoUpdate:\n  enabled: false\n  schedule: \"\"\ncluster:\n  clusterName: \"tf-jx-skilled-moccasin\"\n  devEnvApprovers: []\n\n  environmentGitOwner: \"\"\n  project: \"focus-cargo-275223\"\n  provider: gke\n  zone: \"us-central1-a\"\ngitops: true\nenvironments:\n- key: dev\n- key: staging\n- key: production\ningress:\n  domain: \"\"\n  externalDNS: false\n  tls:\n    email: \"\"\n    enabled: false\n    production: true\nkaniko: true\nstorage:\n  backup:\n    enabled: true\n    url: gs://backup-tf-jx-skilled-moccasin-2cf6c3fd5102\n  logs:\n    enabled: true\n    url: gs://logs-tf-jx-skilled-moccasin-2cf6c3fd5102\n  reports:\n    enabled: true\n    url: gs://reports-tf-jx-skilled-moccasin-2cf6c3fd5102\n  repository:\n    enabled: true\n    url: gs://repository-tf-jx-skilled-moccasin-2cf6c3fd5102\nsecretStorage: vault\nvault:\n  name: tf-jx-skilled-moccasin\n  bucket: vault-tf-jx-skilled-moccasin-2cf6c3fd5102\n  key: crypto-key-tf-jx-skilled-moccasin-2cf6c3fd5102\n  keyring: keyring-tf-jx-skilled-moccasin-2cf6c3fd5102\n  serviceAccount: tf-jx-skilled-moccasin-vt\nvelero:\n  namespace: velero\n  schedule: \"0 * * * *\"\n  serviceAccount: tf-jx-skilled-moccasin-vo\n  ttl: \"720h0m0s\"  \nversionStream:\n  ref: master\n  url: https://github.com/jenkins-x/jenkins-x-versions.git\nwebhook: \"prow\"\n",
            "filename": "/Users/pancudaniel/workspace/mine/x-platform-ops/demo-jenkins-x/jx-requirements.yml",
            "id": "03ad03bf9ad0de023b725457601105413aa89cf5",
            "sensitive_content": null
          },
          "private": "bnVsbA==",
          "dependencies": [
            "module.jx.module.backup.google_service_account.velero_sa",
            "module.jx.module.backup.google_storage_bucket.backup_bucket",
            "module.jx.module.cluster.google_storage_bucket.log_bucket",
            "module.jx.module.cluster.google_storage_bucket.report_bucket",
            "module.jx.module.cluster.google_storage_bucket.repository_bucket",
            "module.jx.module.vault.google_kms_crypto_key.vault_crypto_key",
            "module.jx.module.vault.google_kms_key_ring.vault_keyring",
            "module.jx.module.vault.google_project_service.cloudkms_api",
            "module.jx.module.vault.google_service_account.vault_sa",
            "module.jx.module.vault.google_storage_bucket.vault_bucket",
            "module.jx.random_id.random",
            "module.jx.random_pet.current"
          ]
        }
      ]
    },
    {
      "module": "module.jx",
      "mode": "managed",
      "type": "null_resource",
      "name": "kubeconfig",
      "provider": "module.jx.provider.null",
      "instances": [
        {
          "schema_version": 0,
          "attributes": {
            "id": "1081476670841146359",
            "triggers": null
          },
          "private": "bnVsbA==",
          "dependencies": [
            "module.jx.module.cluster.google_container_cluster.jx_cluster",
            "module.jx.random_pet.current"
          ]
        }
      ]
    },
    {
      "module": "module.jx",
      "mode": "managed",
      "type": "random_id",
      "name": "random",
      "provider": "module.jx.provider.random",
      "instances": [
        {
          "schema_version": 0,
          "attributes": {
            "b64": "LPbD_VEC",
            "b64_std": "LPbD/VEC",
            "b64_url": "LPbD_VEC",
            "byte_length": 6,
            "dec": "49438361735426",
            "hex": "2cf6c3fd5102",
            "id": "LPbD_VEC",
            "keepers": null,
            "prefix": null
          },
          "private": "bnVsbA=="
        }
      ]
    },
    {
      "module": "module.jx",
      "mode": "managed",
      "type": "random_pet",
      "name": "current",
      "provider": "module.jx.provider.random",
      "instances": [
        {
          "schema_version": 0,
          "attributes": {
            "id": "tf-jx-skilled-moccasin",
            "keepers": {
              "cluster_name": ""
            },
            "length": 2,
            "prefix": "tf-jx",
            "separator": "-"
          },
          "private": "bnVsbA=="
        }
      ]
    }
  ]
}
